// !$*UTF8*$!
{
	archiveVersion = 1;
	classes = {
	};
	objectVersion = 46;
	objects = {

/* Begin PBXBuildFile section */
		9F02EEEC19F80E6B0043F570 /* main.m in Sources */ = {isa = PBXBuildFile; fileRef = 9F02EEEB19F80E6B0043F570 /* main.m */; };
		9F02EEEF19F80E6B0043F570 /* AppDelegate.m in Sources */ = {isa = PBXBuildFile; fileRef = 9F02EEEE19F80E6B0043F570 /* AppDelegate.m */; };
		9F02EEF219F80E6B0043F570 /* MasterNoteViewController.m in Sources */ = {isa = PBXBuildFile; fileRef = 9F02EEF119F80E6B0043F570 /* MasterNoteViewController.m */; };
		9F02EEF519F80E6B0043F570 /* Main.storyboard in Resources */ = {isa = PBXBuildFile; fileRef = 9F02EEF319F80E6B0043F570 /* Main.storyboard */; };
		9F02EEF719F80E6B0043F570 /* Images.xcassets in Resources */ = {isa = PBXBuildFile; fileRef = 9F02EEF619F80E6B0043F570 /* Images.xcassets */; };
		9F02EEFA19F80E6B0043F570 /* LaunchScreen.xib in Resources */ = {isa = PBXBuildFile; fileRef = 9F02EEF819F80E6B0043F570 /* LaunchScreen.xib */; };
		9F02EF0619F80E6B0043F570 /* Note_TakerTests.m in Sources */ = {isa = PBXBuildFile; fileRef = 9F02EF0519F80E6B0043F570 /* Note_TakerTests.m */; };
		9F02EF1119F810BD0043F570 /* NoteTableViewCell.m in Sources */ = {isa = PBXBuildFile; fileRef = 9F02EF1019F810BD0043F570 /* NoteTableViewCell.m */; };
		9F57955D19F99212008E1457 /* NoteList.m in Sources */ = {isa = PBXBuildFile; fileRef = 9F57955C19F99212008E1457 /* NoteList.m */; };
		9FE7826819F8161C0038E4DC /* NoteDetailViewController.m in Sources */ = {isa = PBXBuildFile; fileRef = 9FE7826619F8161C0038E4DC /* NoteDetailViewController.m */; };
		9FE7826C19F817800038E4DC /* NoteData.m in Sources */ = {isa = PBXBuildFile; fileRef = 9FE7826B19F817800038E4DC /* NoteData.m */; };
/* End PBXBuildFile section */

/* Begin PBXContainerItemProxy section */
		9F02EF0019F80E6B0043F570 /* PBXContainerItemProxy */ = {
			isa = PBXContainerItemProxy;
			containerPortal = 9F02EEDE19F80E6B0043F570 /* Project object */;
			proxyType = 1;
			remoteGlobalIDString = 9F02EEE519F80E6B0043F570;
			remoteInfo = "Note Taker";
		};
/* End PBXContainerItemProxy section */

/* Begin PBXFileReference section */
		9F02EEE619F80E6B0043F570 /* Note Taker.app */ = {isa = PBXFileReference; explicitFileType = wrapper.application; includeInIndex = 0; path = "Note Taker.app"; sourceTree = BUILT_PRODUCTS_DIR; };
		9F02EEEA19F80E6B0043F570 /* Info.plist */ = {isa = PBXFileReference; lastKnownFileType = text.plist.xml; path = Info.plist; sourceTree = "<group>"; };
		9F02EEEB19F80E6B0043F570 /* main.m */ = {isa = PBXFileReference; lastKnownFileType = sourcecode.c.objc; path = main.m; sourceTree = "<group>"; };
		9F02EEED19F80E6B0043F570 /* AppDelegate.h */ = {isa = PBXFileReference; lastKnownFileType = sourcecode.c.h; path = AppDelegate.h; sourceTree = "<group>"; };
		9F02EEEE19F80E6B0043F570 /* AppDelegate.m */ = {isa = PBXFileReference; lastKnownFileType = sourcecode.c.objc; path = AppDelegate.m; sourceTree = "<group>"; };
		9F02EEF019F80E6B0043F570 /* MasterNoteViewController.h */ = {isa = PBXFileReference; lastKnownFileType = sourcecode.c.h; path = MasterNoteViewController.h; sourceTree = "<group>"; };
		9F02EEF119F80E6B0043F570 /* MasterNoteViewController.m */ = {isa = PBXFileReference; lastKnownFileType = sourcecode.c.objc; path = MasterNoteViewController.m; sourceTree = "<group>"; };
		9F02EEF419F80E6B0043F570 /* Base */ = {isa = PBXFileReference; lastKnownFileType = file.storyboard; name = Base; path = Base.lproj/Main.storyboard; sourceTree = "<group>"; };
		9F02EEF619F80E6B0043F570 /* Images.xcassets */ = {isa = PBXFileReference; lastKnownFileType = folder.assetcatalog; path = Images.xcassets; sourceTree = "<group>"; };
		9F02EEF919F80E6B0043F570 /* Base */ = {isa = PBXFileReference; lastKnownFileType = file.xib; name = Base; path = Base.lproj/LaunchScreen.xib; sourceTree = "<group>"; };
		9F02EEFF19F80E6B0043F570 /* Note TakerTests.xctest */ = {isa = PBXFileReference; explicitFileType = wrapper.cfbundle; includeInIndex = 0; path = "Note TakerTests.xctest"; sourceTree = BUILT_PRODUCTS_DIR; };
		9F02EF0419F80E6B0043F570 /* Info.plist */ = {isa = PBXFileReference; lastKnownFileType = text.plist.xml; path = Info.plist; sourceTree = "<group>"; };
		9F02EF0519F80E6B0043F570 /* Note_TakerTests.m */ = {isa = PBXFileReference; lastKnownFileType = sourcecode.c.objc; path = Note_TakerTests.m; sourceTree = "<group>"; };
		9F02EF0F19F810BD0043F570 /* NoteTableViewCell.h */ = {isa = PBXFileReference; fileEncoding = 4; lastKnownFileType = sourcecode.c.h; path = NoteTableViewCell.h; sourceTree = "<group>"; };
		9F02EF1019F810BD0043F570 /* NoteTableViewCell.m */ = {isa = PBXFileReference; fileEncoding = 4; lastKnownFileType = sourcecode.c.objc; path = NoteTableViewCell.m; sourceTree = "<group>"; };
		9F57955B19F99212008E1457 /* NoteList.h */ = {isa = PBXFileReference; fileEncoding = 4; lastKnownFileType = sourcecode.c.h; path = NoteList.h; sourceTree = "<group>"; };
		9F57955C19F99212008E1457 /* NoteList.m */ = {isa = PBXFileReference; fileEncoding = 4; lastKnownFileType = sourcecode.c.objc; path = NoteList.m; sourceTree = "<group>"; };
		9FE7826519F8161C0038E4DC /* NoteDetailViewController.h */ = {isa = PBXFileReference; fileEncoding = 4; lastKnownFileType = sourcecode.c.h; path = NoteDetailViewController.h; sourceTree = "<group>"; };
		9FE7826619F8161C0038E4DC /* NoteDetailViewController.m */ = {isa = PBXFileReference; fileEncoding = 4; lastKnownFileType = sourcecode.c.objc; path = NoteDetailViewController.m; sourceTree = "<group>"; };
		9FE7826A19F817800038E4DC /* NoteData.h */ = {isa = PBXFileReference; fileEncoding = 4; lastKnownFileType = sourcecode.c.h; path = NoteData.h; sourceTree = "<group>"; };
		9FE7826B19F817800038E4DC /* NoteData.m */ = {isa = PBXFileReference; fileEncoding = 4; lastKnownFileType = sourcecode.c.objc; path = NoteData.m; sourceTree = "<group>"; };
/* End PBXFileReference section */

/* Begin PBXFrameworksBuildPhase section */
		9F02EEE319F80E6B0043F570 /* Frameworks */ = {
			isa = PBXFrameworksBuildPhase;
			buildActionMask = 2147483647;
			files = (
			);
			runOnlyForDeploymentPostprocessing = 0;
		};
		9F02EEFC19F80E6B0043F570 /* Frameworks */ = {
			isa = PBXFrameworksBuildPhase;
			buildActionMask = 2147483647;
			files = (
			);
			runOnlyForDeploymentPostprocessing = 0;
		};
/* End PBXFrameworksBuildPhase section */

/* Begin PBXGroup section */
		9F02EEDD19F80E6B0043F570 = {
			isa = PBXGroup;
			children = (
				9F02EEE819F80E6B0043F570 /* Note Taker */,
				9F02EF0219F80E6B0043F570 /* Note TakerTests */,
				9F02EEE719F80E6B0043F570 /* Products */,
			);
			sourceTree = "<group>";
		};
		9F02EEE719F80E6B0043F570 /* Products */ = {
			isa = PBXGroup;
			children = (
				9F02EEE619F80E6B0043F570 /* Note Taker.app */,
				9F02EEFF19F80E6B0043F570 /* Note TakerTests.xctest */,
			);
			name = Products;
			sourceTree = "<group>";
		};
		9F02EEE819F80E6B0043F570 /* Note Taker */ = {
			isa = PBXGroup;
			children = (
				9F02EEF319F80E6B0043F570 /* Main.storyboard */,
				9FE7826D19F83FEC0038E4DC /* Models */,
				9FE7826F19F840010038E4DC /* Views */,
				9FE7827019F840070038E4DC /* Controllers */,
				9F02EEE919F80E6B0043F570 /* Supporting Files */,
			);
			path = "Note Taker";
			sourceTree = "<group>";
		};
		9F02EEE919F80E6B0043F570 /* Supporting Files */ = {
			isa = PBXGroup;
			children = (
				9FE7827119F8401E0038E4DC /* Assets */,
				9F02EEED19F80E6B0043F570 /* AppDelegate.h */,
				9F02EEEE19F80E6B0043F570 /* AppDelegate.m */,
				9F02EEEA19F80E6B0043F570 /* Info.plist */,
				9F02EEEB19F80E6B0043F570 /* main.m */,
			);
			name = "Supporting Files";
			sourceTree = "<group>";
		};
		9F02EF0219F80E6B0043F570 /* Note TakerTests */ = {
			isa = PBXGroup;
			children = (
				9F02EF0519F80E6B0043F570 /* Note_TakerTests.m */,
				9F02EF0319F80E6B0043F570 /* Supporting Files */,
			);
			path = "Note TakerTests";
			sourceTree = "<group>";
		};
		9F02EF0319F80E6B0043F570 /* Supporting Files */ = {
			isa = PBXGroup;
			children = (
				9F02EF0419F80E6B0043F570 /* Info.plist */,
			);
			name = "Supporting Files";
			sourceTree = "<group>";
		};
		9FE7826D19F83FEC0038E4DC /* Models */ = {
			isa = PBXGroup;
			children = (
				9FE7826A19F817800038E4DC /* NoteData.h */,
				9FE7826B19F817800038E4DC /* NoteData.m */,
				9F57955B19F99212008E1457 /* NoteList.h */,
				9F57955C19F99212008E1457 /* NoteList.m */,
			);
			name = Models;
			sourceTree = "<group>";
		};
		9FE7826F19F840010038E4DC /* Views */ = {
			isa = PBXGroup;
			children = (
				9F02EF0F19F810BD0043F570 /* NoteTableViewCell.h */,
				9F02EF1019F810BD0043F570 /* NoteTableViewCell.m */,
			);
			name = Views;
			sourceTree = "<group>";
		};
		9FE7827019F840070038E4DC /* Controllers */ = {
			isa = PBXGroup;
			children = (
				9F02EEF019F80E6B0043F570 /* MasterNoteViewController.h */,
				9F02EEF119F80E6B0043F570 /* MasterNoteViewController.m */,
				9FE7826519F8161C0038E4DC /* NoteDetailViewController.h */,
				9FE7826619F8161C0038E4DC /* NoteDetailViewController.m */,
			);
			name = Controllers;
			sourceTree = "<group>";
		};
		9FE7827119F8401E0038E4DC /* Assets */ = {
			isa = PBXGroup;
			children = (
				9F02EEF819F80E6B0043F570 /* LaunchScreen.xib */,
				9F02EEF619F80E6B0043F570 /* Images.xcassets */,
			);
			name = Assets;
			sourceTree = "<group>";
		};
/* End PBXGroup section */

/* Begin PBXNativeTarget section */
		9F02EEE519F80E6B0043F570 /* Note Taker */ = {
			isa = PBXNativeTarget;
			buildConfigurationList = 9F02EF0919F80E6B0043F570 /* Build configuration list for PBXNativeTarget "Note Taker" */;
			buildPhases = (
				9F02EEE219F80E6B0043F570 /* Sources */,
				9F02EEE319F80E6B0043F570 /* Frameworks */,
				9F02EEE419F80E6B0043F570 /* Resources */,
			);
			buildRules = (
			);
			dependencies = (
			);
			name = "Note Taker";
			productName = "Note Taker";
			productReference = 9F02EEE619F80E6B0043F570 /* Note Taker.app */;
			productType = "com.apple.product-type.application";
		};
		9F02EEFE19F80E6B0043F570 /* Note TakerTests */ = {
			isa = PBXNativeTarget;
			buildConfigurationList = 9F02EF0C19F80E6B0043F570 /* Build configuration list for PBXNativeTarget "Note TakerTests" */;
			buildPhases = (
				9F02EEFB19F80E6B0043F570 /* Sources */,
				9F02EEFC19F80E6B0043F570 /* Frameworks */,
				9F02EEFD19F80E6B0043F570 /* Resources */,
			);
			buildRules = (
			);
			dependencies = (
				9F02EF0119F80E6B0043F570 /* PBXTargetDependency */,
			);
			name = "Note TakerTests";
			productName = "Note TakerTests";
			productReference = 9F02EEFF19F80E6B0043F570 /* Note TakerTests.xctest */;
			productType = "com.apple.product-type.bundle.unit-test";
		};
/* End PBXNativeTarget section */

/* Begin PBXProject section */
		9F02EEDE19F80E6B0043F570 /* Project object */ = {
			isa = PBXProject;
			attributes = {
				LastUpgradeCheck = 0610;
				ORGANIZATIONNAME = "Theodore Ahlfeld";
				TargetAttributes = {
					9F02EEE519F80E6B0043F570 = {
						CreatedOnToolsVersion = 6.1;
					};
					9F02EEFE19F80E6B0043F570 = {
						CreatedOnToolsVersion = 6.1;
						TestTargetID = 9F02EEE519F80E6B0043F570;
					};
				};
			};
			buildConfigurationList = 9F02EEE119F80E6B0043F570 /* Build configuration list for PBXProject "Note Taker" */;
			compatibilityVersion = "Xcode 3.2";
			developmentRegion = English;
			hasScannedForEncodings = 0;
			knownRegions = (
				en,
				Base,
			);
			mainGroup = 9F02EEDD19F80E6B0043F570;
			productRefGroup = 9F02EEE719F80E6B0043F570 /* Products */;
			projectDirPath = "";
			projectRoot = "";
			targets = (
				9F02EEE519F80E6B0043F570 /* Note Taker */,
				9F02EEFE19F80E6B0043F570 /* Note TakerTests */,
			);
		};
/* End PBXProject section */

/* Begin PBXResourcesBuildPhase section */
		9F02EEE419F80E6B0043F570 /* Resources */ = {
			isa = PBXResourcesBuildPhase;
			buildActionMask = 2147483647;
			files = (
				9F02EEF519F80E6B0043F570 /* Main.storyboard in Resources */,
				9F02EEFA19F80E6B0043F570 /* LaunchScreen.xib in Resources */,
				9F02EEF719F80E6B0043F570 /* Images.xcassets in Resources */,
			);
			runOnlyForDeploymentPostprocessing = 0;
		};
		9F02EEFD19F80E6B0043F570 /* Resources */ = {
			isa = PBXResourcesBuildPhase;
			buildActionMask = 2147483647;
			files = (
			);
			runOnlyForDeploymentPostprocessing = 0;
		};
/* End PBXResourcesBuildPhase section */

/* Begin PBXSourcesBuildPhase section */
		9F02EEE219F80E6B0043F570 /* Sources */ = {
			isa = PBXSourcesBuildPhase;
			buildActionMask = 2147483647;
			files = (
				9FE7826819F8161C0038E4DC /* NoteDetailViewController.m in Sources */,
				9FE7826C19F817800038E4DC /* NoteData.m in Sources */,
				9F02EEF219F80E6B0043F570 /* MasterNoteViewController.m in Sources */,
				9F02EEEF19F80E6B0043F570 /* AppDelegate.m in Sources */,
				9F02EEEC19F80E6B0043F570 /* main.m in Sources */,
				9F02EF1119F810BD0043F570 /* NoteTableViewCell.m in Sources */,
				9F57955D19F99212008E1457 /* NoteList.m in Sources */,
			);
			runOnlyForDeploymentPostprocessing = 0;
		};
		9F02EEFB19F80E6B0043F570 /* Sources */ = {
			isa = PBXSourcesBuildPhase;
			buildActionMask = 2147483647;
			files = (
				9F02EF0619F80E6B0043F570 /* Note_TakerTests.m in Sources */,
			);
			runOnlyForDeploymentPostprocessing = 0;
		};
/* End PBXSourcesBuildPhase section */

/* Begin PBXTargetDependency section */
		9F02EF0119F80E6B0043F570 /* PBXTargetDependency */ = {
			isa = PBXTargetDependency;
			target = 9F02EEE519F80E6B0043F570 /* Note Taker */;
			targetProxy = 9F02EF0019F80E6B0043F570 /* PBXContainerItemProxy */;
		};
/* End PBXTargetDependency section */

/* Begin PBXVariantGroup section */
		9F02EEF319F80E6B0043F570 /* Main.storyboard */ = {
			isa = PBXVariantGroup;
			children = (
				9F02EEF419F80E6B0043F570 /* Base */,
			);
			name = Main.storyboard;
			sourceTree = "<group>";
		};
		9F02EEF819F80E6B0043F570 /* LaunchScreen.xib */ = {
			isa = PBXVariantGroup;
			children = (
				9F02EEF919F80E6B0043F570 /* Base */,
			);
			name = LaunchScreen.xib;
			sourceTree = "<group>";
		};
/* End PBXVariantGroup section */

/* Begin XCBuildConfiguration section */
		9F02EF0719F80E6B0043F570 /* Debug */ = {
			isa = XCBuildConfiguration;
			buildSettings = {
				ALWAYS_SEARCH_USER_PATHS = NO;
				CLANG_CXX_LANGUAGE_STANDARD = "gnu++0x";
				CLANG_CXX_LIBRARY = "libc++";
				CLANG_ENABLE_MODULES = YES;
				CLANG_ENABLE_OBJC_ARC = YES;
				CLANG_WARN_BOOL_CONVERSION = YES;
				CLANG_WARN_CONSTANT_CONVERSION = YES;
				CLANG_WARN_DIRECT_OBJC_ISA_USAGE = YES_ERROR;
				CLANG_WARN_EMPTY_BODY = YES;
				CLANG_WARN_ENUM_CONVERSION = YES;
				CLANG_WARN_INT_CONVERSION = YES;
				CLANG_WARN_OBJC_ROOT_CLASS = YES_ERROR;
				CLANG_WARN_UNREACHABLE_CODE = YES;
				CLANG_WARN__DUPLICATE_METHOD_MATCH = YES;
				"CODE_SIGN_IDENTITY[sdk=iphoneos*]" = "iPhone Developer";
				COPY_PHASE_STRIP = NO;
				ENABLE_STRICT_OBJC_MSGSEND = YES;
				GCC_C_LANGUAGE_STANDARD = gnu99;
				GCC_DYNAMIC_NO_PIC = NO;
				GCC_OPTIMIZATION_LEVEL = 0;
				GCC_PREPROCESSOR_DEFINITIONS = (
					"DEBUG=1",
					"$(inherited)",
				);
				GCC_SYMBOLS_PRIVATE_EXTERN = NO;
				GCC_WARN_64_TO_32_BIT_CONVERSION = YES;
				GCC_WARN_ABOUT_RETURN_TYPE = YES_ERROR;
				GCC_WARN_UNDECLARED_SELECTOR = YES;
				GCC_WARN_UNINITIALIZED_AUTOS = YES_AGGRESSIVE;
				GCC_WARN_UNUSED_FUNCTION = YES;
				GCC_WARN_UNUSED_VARIABLE = YES;
				IPHONEOS_DEPLOYMENT_TARGET = 8.1;
				MTL_ENABLE_DEBUG_INFO = YES;
				ONLY_ACTIVE_ARCH = YES;
				SDKROOT = iphoneos;
				TARGETED_DEVICE_FAMILY = "1,2";
			};
			name = Debug;
		};
		9F02EF0819F80E6B0043F570 /* Release */ = {
			isa = XCBuildConfiguration;
			buildSettings = {
				ALWAYS_SEARCH_USER_PATHS = NO;
				CLANG_CXX_LANGUAGE_STANDARD = "gnu++0x";
				CLANG_CXX_LIBRARY = "libc++";
				CLANG_ENABLE_MODULES = YES;
				CLANG_ENABLE_OBJC_ARC = YES;
				CLANG_WARN_BOOL_CONVERSION = YES;
				CLANG_WARN_CONSTANT_CONVERSION = YES;
				CLANG_WARN_DIRECT_OBJC_ISA_USAGE = YES_ERROR;
				CLANG_WARN_EMPTY_BODY = YES;
				CLANG_WARN_ENUM_CONVERSION = YES;
				CLANG_WARN_INT_CONVERSION = YES;
				CLANG_WARN_OBJC_ROOT_CLASS = YES_ERROR;
				CLANG_WARN_UNREACHABLE_CODE = YES;
				CLANG_WARN__DUPLICATE_METHOD_MATCH = YES;
				"CODE_SIGN_IDENTITY[sdk=iphoneos*]" = "iPhone Developer";
				COPY_PHASE_STRIP = YES;
				ENABLE_NS_ASSERTIONS = NO;
				ENABLE_STRICT_OBJC_MSGSEND = YES;
				GCC_C_LANGUAGE_STANDARD = gnu99;
				GCC_WARN_64_TO_32_BIT_CONVERSION = YES;
				GCC_WARN_ABOUT_RETURN_TYPE = YES_ERROR;
				GCC_WARN_UNDECLARED_SELECTOR = YES;
				GCC_WARN_UNINITIALIZED_AUTOS = YES_AGGRESSIVE;
				GCC_WARN_UNUSED_FUNCTION = YES;
				GCC_WARN_UNUSED_VARIABLE = YES;
				IPHONEOS_DEPLOYMENT_TARGET = 8.1;
				MTL_ENABLE_DEBUG_INFO = NO;
				SDKROOT = iphoneos;
				TARGETED_DEVICE_FAMILY = "1,2";
				VALIDATE_PRODUCT = YES;
			};
			name = Release;
		};
		9F02EF0A19F80E6B0043F570 /* Debug */ = {
			isa = XCBuildConfiguration;
			buildSettings = {
				ASSETCATALOG_COMPILER_APPICON_NAME = AppIcon;
				INFOPLIST_FILE = "Note Taker/Info.plist";
				LD_RUNPATH_SEARCH_PATHS = "$(inherited) @executable_path/Frameworks";
				PRODUCT_NAME = "$(TARGET_NAME)";
			};
			name = Debug;
		};
		9F02EF0B19F80E6B0043F570 /* Release */ = {
			isa = XCBuildConfiguration;
			buildSettings = {
				ASSETCATALOG_COMPILER_APPICON_NAME = AppIcon;
				INFOPLIST_FILE = "Note Taker/Info.plist";
				LD_RUNPATH_SEARCH_PATHS = "$(inherited) @executable_path/Frameworks";
				PRODUCT_NAME = "$(TARGET_NAME)";
			};
			name = Release;
		};
		9F02EF0D19F80E6B0043F570 /* Debug */ = {
			isa = XCBuildConfiguration;
			buildSettings = {
				BUNDLE_LOADER = "$(TEST_HOST)";
				FRAMEWORK_SEARCH_PATHS = (
					"$(SDKROOT)/Developer/Library/Frameworks",
					"$(inherited)",
				);
				GCC_PREPROCESSOR_DEFINITIONS = (
					"DEBUG=1",
					"$(inherited)",
				);
				INFOPLIST_FILE = "Note TakerTests/Info.plist";
				LD_RUNPATH_SEARCH_PATHS = "$(inherited) @executable_path/Frameworks @loader_path/Frameworks";
				PRODUCT_NAME = "$(TARGET_NAME)";
				TEST_HOST = "$(BUILT_PRODUCTS_DIR)/Note Taker.app/Note Taker";
			};
			name = Debug;
		};
		9F02EF0E19F80E6B0043F570 /* Release */ = {
			isa = XCBuildConfiguration;
			buildSettings = {
				BUNDLE_LOADER = "$(TEST_HOST)";
				FRAMEWORK_SEARCH_PATHS = (
					"$(SDKROOT)/Developer/Library/Frameworks",
					"$(inherited)",
				);
				INFOPLIST_FILE = "Note TakerTests/Info.plist";
				LD_RUNPATH_SEARCH_PATHS = "$(inherited) @executable_path/Frameworks @loader_path/Frameworks";
				PRODUCT_NAME = "$(TARGET_NAME)";
				TEST_HOST = "$(BUILT_PRODUCTS_DIR)/Note Taker.app/Note Taker";
			};
			name = Release;
		};
/* End XCBuildConfiguration section */

/* Begin XCConfigurationList section */
		9F02EEE119F80E6B0043F570 /* Build configuration list for PBXProject "Note Taker" */ = {
			isa = XCConfigurationList;
			buildConfigurations = (
				9F02EF0719F80E6B0043F570 /* Debug */,
				9F02EF0819F80E6B0043F570 /* Release */,
			);
			defaultConfigurationIsVisible = 0;
			defaultConfigurationName = Release;
		};
		9F02EF0919F80E6B0043F570 /* Build configuration list for PBXNativeTarget "Note Taker" */ = {
			isa = XCConfigurationList;
			buildConfigurations = (
				9F02EF0A19F80E6B0043F570 /* Debug */,
				9F02EF0B19F80E6B0043F570 /* Release */,
			);
			defaultConfigurationIsVisible = 0;
			defaultConfigurationName = Release;
		};
		9F02EF0C19F80E6B0043F570 /* Build configuration list for PBXNativeTarget "Note TakerTests" */ = {
			isa = XCConfigurationList;
			buildConfigurations = (
				9F02EF0D19F80E6B0043F570 /* Debug */,
				9F02EF0E19F80E6B0043F570 /* Release */,
			);
			defaultConfigurationIsVisible = 0;
			defaultConfigurationName = Release;
		};
/* End XCConfigurationList section */
	};
	rootObject = 9F02EEDE19F80E6B0043F570 /* Project object */;
}
